// !$*UTF8*$!
{
	archiveVersion = 1;
	classes = {
	};
	objectVersion = 46;
	objects = {

/* Begin PBXBuildFile section */
		F9037836145337E6008FB9E0 /* PlacesAPI.m in Sources */ = {isa = PBXBuildFile; fileRef = F9037835145337E6008FB9E0 /* PlacesAPI.m */; };
		F91D7355145849DD00B488B3 /* Place.m in Sources */ = {isa = PBXBuildFile; fileRef = F91D7354145849DD00B488B3 /* Place.m */; };
		F91D736F14584D5000B488B3 /* CDataScanner.m in Sources */ = {isa = PBXBuildFile; fileRef = F91D735814584D5000B488B3 /* CDataScanner.m */; };
		F91D737014584D5000B488B3 /* CFilteringJSONSerializer.m in Sources */ = {isa = PBXBuildFile; fileRef = F91D735B14584D5000B488B3 /* CFilteringJSONSerializer.m */; };
		F91D737114584D5000B488B3 /* CJSONDeserializer_BlocksExtensions.m in Sources */ = {isa = PBXBuildFile; fileRef = F91D735D14584D5000B488B3 /* CJSONDeserializer_BlocksExtensions.m */; };
		F91D737214584D5000B488B3 /* CJSONSerialization.m in Sources */ = {isa = PBXBuildFile; fileRef = F91D735F14584D5000B488B3 /* CJSONSerialization.m */; };
		F91D737314584D5000B488B3 /* CJSONSerializedData.m in Sources */ = {isa = PBXBuildFile; fileRef = F91D736114584D5000B488B3 /* CJSONSerializedData.m */; };
		F91D737414584D5000B488B3 /* CDataScanner_Extensions.m in Sources */ = {isa = PBXBuildFile; fileRef = F91D736414584D5000B488B3 /* CDataScanner_Extensions.m */; };
		F91D737514584D5000B488B3 /* NSDictionary_JSONExtensions.m in Sources */ = {isa = PBXBuildFile; fileRef = F91D736614584D5000B488B3 /* NSDictionary_JSONExtensions.m */; };
		F91D737614584D5000B488B3 /* CJSONDeserializer.m in Sources */ = {isa = PBXBuildFile; fileRef = F91D736914584D5000B488B3 /* CJSONDeserializer.m */; };
		F91D737714584D5000B488B3 /* CJSONScanner.m in Sources */ = {isa = PBXBuildFile; fileRef = F91D736B14584D5000B488B3 /* CJSONScanner.m */; };
		F91D737814584D5000B488B3 /* CJSONSerializer.m in Sources */ = {isa = PBXBuildFile; fileRef = F91D736D14584D5000B488B3 /* CJSONSerializer.m */; };
		F91D737C1458866900B488B3 /* CoreLocation.framework in Frameworks */ = {isa = PBXBuildFile; fileRef = F91D737B1458866900B488B3 /* CoreLocation.framework */; };
		F999CD611452BB3E002C86E7 /* UIKit.framework in Frameworks */ = {isa = PBXBuildFile; fileRef = F999CD601452BB3E002C86E7 /* UIKit.framework */; };
		F999CD631452BB3E002C86E7 /* Foundation.framework in Frameworks */ = {isa = PBXBuildFile; fileRef = F999CD621452BB3E002C86E7 /* Foundation.framework */; };
		F999CD651452BB3E002C86E7 /* CoreGraphics.framework in Frameworks */ = {isa = PBXBuildFile; fileRef = F999CD641452BB3E002C86E7 /* CoreGraphics.framework */; };
		F999CD6B1452BB3E002C86E7 /* InfoPlist.strings in Resources */ = {isa = PBXBuildFile; fileRef = F999CD691452BB3E002C86E7 /* InfoPlist.strings */; };
		F999CD6D1452BB3E002C86E7 /* main.m in Sources */ = {isa = PBXBuildFile; fileRef = F999CD6C1452BB3E002C86E7 /* main.m */; };
		F999CD711452BB3E002C86E7 /* AppDelegate.m in Sources */ = {isa = PBXBuildFile; fileRef = F999CD701452BB3E002C86E7 /* AppDelegate.m */; };
		F999CD741452BB3E002C86E7 /* ViewController.m in Sources */ = {isa = PBXBuildFile; fileRef = F999CD731452BB3E002C86E7 /* ViewController.m */; };
		F999CD771452BB3E002C86E7 /* ViewController.xib in Resources */ = {isa = PBXBuildFile; fileRef = F999CD751452BB3E002C86E7 /* ViewController.xib */; };
/* End PBXBuildFile section */

/* Begin PBXFileReference section */
		F9037834145337E6008FB9E0 /* PlacesAPI.h */ = {isa = PBXFileReference; fileEncoding = 4; lastKnownFileType = sourcecode.c.h; path = PlacesAPI.h; sourceTree = "<group>"; };
		F9037835145337E6008FB9E0 /* PlacesAPI.m */ = {isa = PBXFileReference; fileEncoding = 4; lastKnownFileType = sourcecode.c.objc; path = PlacesAPI.m; sourceTree = "<group>"; };
		F91D7353145849DD00B488B3 /* Place.h */ = {isa = PBXFileReference; fileEncoding = 4; lastKnownFileType = sourcecode.c.h; path = Place.h; sourceTree = "<group>"; };
		F91D7354145849DD00B488B3 /* Place.m */ = {isa = PBXFileReference; fileEncoding = 4; lastKnownFileType = sourcecode.c.objc; path = Place.m; sourceTree = "<group>"; };
		F91D735714584D5000B488B3 /* CDataScanner.h */ = {isa = PBXFileReference; fileEncoding = 4; lastKnownFileType = sourcecode.c.h; name = CDataScanner.h; path = TouchJSON/Source/CDataScanner.h; sourceTree = "<group>"; };
		F91D735814584D5000B488B3 /* CDataScanner.m */ = {isa = PBXFileReference; fileEncoding = 4; lastKnownFileType = sourcecode.c.objc; name = CDataScanner.m; path = TouchJSON/Source/CDataScanner.m; sourceTree = "<group>"; };
		F91D735A14584D5000B488B3 /* CFilteringJSONSerializer.h */ = {isa = PBXFileReference; fileEncoding = 4; lastKnownFileType = sourcecode.c.h; path = CFilteringJSONSerializer.h; sourceTree = "<group>"; };
		F91D735B14584D5000B488B3 /* CFilteringJSONSerializer.m */ = {isa = PBXFileReference; fileEncoding = 4; lastKnownFileType = sourcecode.c.objc; path = CFilteringJSONSerializer.m; sourceTree = "<group>"; };
		F91D735C14584D5000B488B3 /* CJSONDeserializer_BlocksExtensions.h */ = {isa = PBXFileReference; fileEncoding = 4; lastKnownFileType = sourcecode.c.h; path = CJSONDeserializer_BlocksExtensions.h; sourceTree = "<group>"; };
		F91D735D14584D5000B488B3 /* CJSONDeserializer_BlocksExtensions.m */ = {isa = PBXFileReference; fileEncoding = 4; lastKnownFileType = sourcecode.c.objc; path = CJSONDeserializer_BlocksExtensions.m; sourceTree = "<group>"; };
		F91D735E14584D5000B488B3 /* CJSONSerialization.h */ = {isa = PBXFileReference; fileEncoding = 4; lastKnownFileType = sourcecode.c.h; path = CJSONSerialization.h; sourceTree = "<group>"; };
		F91D735F14584D5000B488B3 /* CJSONSerialization.m */ = {isa = PBXFileReference; fileEncoding = 4; lastKnownFileType = sourcecode.c.objc; path = CJSONSerialization.m; sourceTree = "<group>"; };
		F91D736014584D5000B488B3 /* CJSONSerializedData.h */ = {isa = PBXFileReference; fileEncoding = 4; lastKnownFileType = sourcecode.c.h; path = CJSONSerializedData.h; sourceTree = "<group>"; };
		F91D736114584D5000B488B3 /* CJSONSerializedData.m */ = {isa = PBXFileReference; fileEncoding = 4; lastKnownFileType = sourcecode.c.objc; path = CJSONSerializedData.m; sourceTree = "<group>"; };
		F91D736314584D5000B488B3 /* CDataScanner_Extensions.h */ = {isa = PBXFileReference; fileEncoding = 4; lastKnownFileType = sourcecode.c.h; path = CDataScanner_Extensions.h; sourceTree = "<group>"; };
		F91D736414584D5000B488B3 /* CDataScanner_Extensions.m */ = {isa = PBXFileReference; fileEncoding = 4; lastKnownFileType = sourcecode.c.objc; path = CDataScanner_Extensions.m; sourceTree = "<group>"; };
		F91D736514584D5000B488B3 /* NSDictionary_JSONExtensions.h */ = {isa = PBXFileReference; fileEncoding = 4; lastKnownFileType = sourcecode.c.h; path = NSDictionary_JSONExtensions.h; sourceTree = "<group>"; };
		F91D736614584D5000B488B3 /* NSDictionary_JSONExtensions.m */ = {isa = PBXFileReference; fileEncoding = 4; lastKnownFileType = sourcecode.c.objc; path = NSDictionary_JSONExtensions.m; sourceTree = "<group>"; };
		F91D736814584D5000B488B3 /* CJSONDeserializer.h */ = {isa = PBXFileReference; fileEncoding = 4; lastKnownFileType = sourcecode.c.h; path = CJSONDeserializer.h; sourceTree = "<group>"; };
		F91D736914584D5000B488B3 /* CJSONDeserializer.m */ = {isa = PBXFileReference; fileEncoding = 4; lastKnownFileType = sourcecode.c.objc; path = CJSONDeserializer.m; sourceTree = "<group>"; };
		F91D736A14584D5000B488B3 /* CJSONScanner.h */ = {isa = PBXFileReference; fileEncoding = 4; lastKnownFileType = sourcecode.c.h; path = CJSONScanner.h; sourceTree = "<group>"; };
		F91D736B14584D5000B488B3 /* CJSONScanner.m */ = {isa = PBXFileReference; fileEncoding = 4; lastKnownFileType = sourcecode.c.objc; path = CJSONScanner.m; sourceTree = "<group>"; };
		F91D736C14584D5000B488B3 /* CJSONSerializer.h */ = {isa = PBXFileReference; fileEncoding = 4; lastKnownFileType = sourcecode.c.h; path = CJSONSerializer.h; sourceTree = "<group>"; };
		F91D736D14584D5000B488B3 /* CJSONSerializer.m */ = {isa = PBXFileReference; fileEncoding = 4; lastKnownFileType = sourcecode.c.objc; path = CJSONSerializer.m; sourceTree = "<group>"; };
		F91D736E14584D5000B488B3 /* JSONRepresentation.h */ = {isa = PBXFileReference; fileEncoding = 4; lastKnownFileType = sourcecode.c.h; path = JSONRepresentation.h; sourceTree = "<group>"; };
		F91D737B1458866900B488B3 /* CoreLocation.framework */ = {isa = PBXFileReference; lastKnownFileType = wrapper.framework; name = CoreLocation.framework; path = System/Library/Frameworks/CoreLocation.framework; sourceTree = SDKROOT; };
		F999CD5C1452BB3E002C86E7 /* GoogleMapDemo.app */ = {isa = PBXFileReference; explicitFileType = wrapper.application; includeInIndex = 0; path = GoogleMapDemo.app; sourceTree = BUILT_PRODUCTS_DIR; };
		F999CD601452BB3E002C86E7 /* UIKit.framework */ = {isa = PBXFileReference; lastKnownFileType = wrapper.framework; name = UIKit.framework; path = System/Library/Frameworks/UIKit.framework; sourceTree = SDKROOT; };
		F999CD621452BB3E002C86E7 /* Foundation.framework */ = {isa = PBXFileReference; lastKnownFileType = wrapper.framework; name = Foundation.framework; path = System/Library/Frameworks/Foundation.framework; sourceTree = SDKROOT; };
		F999CD641452BB3E002C86E7 /* CoreGraphics.framework */ = {isa = PBXFileReference; lastKnownFileType = wrapper.framework; name = CoreGraphics.framework; path = System/Library/Frameworks/CoreGraphics.framework; sourceTree = SDKROOT; };
		F999CD681452BB3E002C86E7 /* GoogleMapDemo-Info.plist */ = {isa = PBXFileReference; lastKnownFileType = text.plist.xml; path = "GoogleMapDemo-Info.plist"; sourceTree = "<group>"; };
		F999CD6A1452BB3E002C86E7 /* en */ = {isa = PBXFileReference; lastKnownFileType = text.plist.strings; name = en; path = en.lproj/InfoPlist.strings; sourceTree = "<group>"; };
		F999CD6C1452BB3E002C86E7 /* main.m */ = {isa = PBXFileReference; lastKnownFileType = sourcecode.c.objc; path = main.m; sourceTree = "<group>"; };
		F999CD6E1452BB3E002C86E7 /* GoogleMapDemo-Prefix.pch */ = {isa = PBXFileReference; lastKnownFileType = sourcecode.c.h; path = "GoogleMapDemo-Prefix.pch"; sourceTree = "<group>"; };
		F999CD6F1452BB3E002C86E7 /* AppDelegate.h */ = {isa = PBXFileReference; lastKnownFileType = sourcecode.c.h; path = AppDelegate.h; sourceTree = "<group>"; };
		F999CD701452BB3E002C86E7 /* AppDelegate.m */ = {isa = PBXFileReference; lastKnownFileType = sourcecode.c.objc; path = AppDelegate.m; sourceTree = "<group>"; };
		F999CD721452BB3E002C86E7 /* ViewController.h */ = {isa = PBXFileReference; lastKnownFileType = sourcecode.c.h; path = ViewController.h; sourceTree = "<group>"; };
		F999CD731452BB3E002C86E7 /* ViewController.m */ = {isa = PBXFileReference; lastKnownFileType = sourcecode.c.objc; path = ViewController.m; sourceTree = "<group>"; };
		F999CD761452BB3E002C86E7 /* en */ = {isa = PBXFileReference; lastKnownFileType = file.xib; name = en; path = en.lproj/ViewController.xib; sourceTree = "<group>"; };
/* End PBXFileReference section */

/* Begin PBXFrameworksBuildPhase section */
		F999CD591452BB3E002C86E7 /* Frameworks */ = {
			isa = PBXFrameworksBuildPhase;
			buildActionMask = 2147483647;
			files = (
				F91D737C1458866900B488B3 /* CoreLocation.framework in Frameworks */,
				F999CD611452BB3E002C86E7 /* UIKit.framework in Frameworks */,
				F999CD631452BB3E002C86E7 /* Foundation.framework in Frameworks */,
				F999CD651452BB3E002C86E7 /* CoreGraphics.framework in Frameworks */,
			);
			runOnlyForDeploymentPostprocessing = 0;
		};
/* End PBXFrameworksBuildPhase section */

/* Begin PBXGroup section */
		F91D735914584D5000B488B3 /* Experimental */ = {
			isa = PBXGroup;
			children = (
				F91D735A14584D5000B488B3 /* CFilteringJSONSerializer.h */,
				F91D735B14584D5000B488B3 /* CFilteringJSONSerializer.m */,
				F91D735C14584D5000B488B3 /* CJSONDeserializer_BlocksExtensions.h */,
				F91D735D14584D5000B488B3 /* CJSONDeserializer_BlocksExtensions.m */,
				F91D735E14584D5000B488B3 /* CJSONSerialization.h */,
				F91D735F14584D5000B488B3 /* CJSONSerialization.m */,
				F91D736014584D5000B488B3 /* CJSONSerializedData.h */,
				F91D736114584D5000B488B3 /* CJSONSerializedData.m */,
			);
			name = Experimental;
			path = TouchJSON/Source/Experimental;
			sourceTree = "<group>";
		};
		F91D736214584D5000B488B3 /* Extensions */ = {
			isa = PBXGroup;
			children = (
				F91D736314584D5000B488B3 /* CDataScanner_Extensions.h */,
				F91D736414584D5000B488B3 /* CDataScanner_Extensions.m */,
				F91D736514584D5000B488B3 /* NSDictionary_JSONExtensions.h */,
				F91D736614584D5000B488B3 /* NSDictionary_JSONExtensions.m */,
			);
			name = Extensions;
			path = TouchJSON/Source/Extensions;
			sourceTree = "<group>";
		};
		F91D736714584D5000B488B3 /* JSON */ = {
			isa = PBXGroup;
			children = (
				F91D736814584D5000B488B3 /* CJSONDeserializer.h */,
				F91D736914584D5000B488B3 /* CJSONDeserializer.m */,
				F91D736A14584D5000B488B3 /* CJSONScanner.h */,
				F91D736B14584D5000B488B3 /* CJSONScanner.m */,
				F91D736C14584D5000B488B3 /* CJSONSerializer.h */,
				F91D736D14584D5000B488B3 /* CJSONSerializer.m */,
				F91D736E14584D5000B488B3 /* JSONRepresentation.h */,
			);
			name = JSON;
			path = TouchJSON/Source/JSON;
			sourceTree = "<group>";
		};
		F91D737A14584D6C00B488B3 /* TouchJSON */ = {
			isa = PBXGroup;
			children = (
				F91D735714584D5000B488B3 /* CDataScanner.h */,
				F91D735814584D5000B488B3 /* CDataScanner.m */,
				F91D735914584D5000B488B3 /* Experimental */,
				F91D736214584D5000B488B3 /* Extensions */,
				F91D736714584D5000B488B3 /* JSON */,
			);
			name = TouchJSON;
			sourceTree = "<group>";
		};
		F999CD511452BB3E002C86E7 = {
			isa = PBXGroup;
			children = (
				F91D737A14584D6C00B488B3 /* TouchJSON */,
				F999CD661452BB3E002C86E7 /* GoogleMapDemo */,
				F999CD5F1452BB3E002C86E7 /* Frameworks */,
				F999CD5D1452BB3E002C86E7 /* Products */,
			);
			sourceTree = "<group>";
		};
		F999CD5D1452BB3E002C86E7 /* Products */ = {
			isa = PBXGroup;
			children = (
				F999CD5C1452BB3E002C86E7 /* GoogleMapDemo.app */,
			);
			name = Products;
			sourceTree = "<group>";
		};
		F999CD5F1452BB3E002C86E7 /* Frameworks */ = {
			isa = PBXGroup;
			children = (
				F91D737B1458866900B488B3 /* CoreLocation.framework */,
				F999CD601452BB3E002C86E7 /* UIKit.framework */,
				F999CD621452BB3E002C86E7 /* Foundation.framework */,
				F999CD641452BB3E002C86E7 /* CoreGraphics.framework */,
			);
			name = Frameworks;
			sourceTree = "<group>";
		};
		F999CD661452BB3E002C86E7 /* GoogleMapDemo */ = {
			isa = PBXGroup;
			children = (
				F91D7353145849DD00B488B3 /* Place.h */,
				F91D7354145849DD00B488B3 /* Place.m */,
				F9037834145337E6008FB9E0 /* PlacesAPI.h */,
				F9037835145337E6008FB9E0 /* PlacesAPI.m */,
				F999CD6F1452BB3E002C86E7 /* AppDelegate.h */,
				F999CD701452BB3E002C86E7 /* AppDelegate.m */,
				F999CD721452BB3E002C86E7 /* ViewController.h */,
				F999CD731452BB3E002C86E7 /* ViewController.m */,
				F999CD751452BB3E002C86E7 /* ViewController.xib */,
				F999CD671452BB3E002C86E7 /* Supporting Files */,
			);
			path = GoogleMapDemo;
			sourceTree = "<group>";
		};
		F999CD671452BB3E002C86E7 /* Supporting Files */ = {
			isa = PBXGroup;
			children = (
				F999CD681452BB3E002C86E7 /* GoogleMapDemo-Info.plist */,
				F999CD691452BB3E002C86E7 /* InfoPlist.strings */,
				F999CD6C1452BB3E002C86E7 /* main.m */,
				F999CD6E1452BB3E002C86E7 /* GoogleMapDemo-Prefix.pch */,
			);
			name = "Supporting Files";
			sourceTree = "<group>";
		};
/* End PBXGroup section */

/* Begin PBXNativeTarget section */
		F999CD5B1452BB3E002C86E7 /* GoogleMapDemo */ = {
			isa = PBXNativeTarget;
			buildConfigurationList = F999CD7A1452BB3E002C86E7 /* Build configuration list for PBXNativeTarget "GoogleMapDemo" */;
			buildPhases = (
				F999CD581452BB3E002C86E7 /* Sources */,
				F999CD591452BB3E002C86E7 /* Frameworks */,
				F999CD5A1452BB3E002C86E7 /* Resources */,
			);
			buildRules = (
			);
			dependencies = (
			);
			name = GoogleMapDemo;
			productName = GoogleMapDemo;
			productReference = F999CD5C1452BB3E002C86E7 /* GoogleMapDemo.app */;
			productType = "com.apple.product-type.application";
		};
/* End PBXNativeTarget section */

/* Begin PBXProject section */
		F999CD531452BB3E002C86E7 /* Project object */ = {
			isa = PBXProject;
			attributes = {
				LastUpgradeCheck = 0420;
			};
			buildConfigurationList = F999CD561452BB3E002C86E7 /* Build configuration list for PBXProject "GoogleMapDemo" */;
			compatibilityVersion = "Xcode 3.2";
			developmentRegion = English;
			hasScannedForEncodings = 0;
			knownRegions = (
				en,
			);
			mainGroup = F999CD511452BB3E002C86E7;
			productRefGroup = F999CD5D1452BB3E002C86E7 /* Products */;
			projectDirPath = "";
			projectRoot = "";
			targets = (
				F999CD5B1452BB3E002C86E7 /* GoogleMapDemo */,
			);
		};
/* End PBXProject section */

/* Begin PBXResourcesBuildPhase section */
		F999CD5A1452BB3E002C86E7 /* Resources */ = {
			isa = PBXResourcesBuildPhase;
			buildActionMask = 2147483647;
			files = (
				F999CD6B1452BB3E002C86E7 /* InfoPlist.strings in Resources */,
				F999CD771452BB3E002C86E7 /* ViewController.xib in Resources */,
			);
			runOnlyForDeploymentPostprocessing = 0;
		};
/* End PBXResourcesBuildPhase section */

/* Begin PBXSourcesBuildPhase section */
		F999CD581452BB3E002C86E7 /* Sources */ = {
			isa = PBXSourcesBuildPhase;
			buildActionMask = 2147483647;
			files = (
				F999CD6D1452BB3E002C86E7 /* main.m in Sources */,
				F999CD711452BB3E002C86E7 /* AppDelegate.m in Sources */,
				F999CD741452BB3E002C86E7 /* ViewController.m in Sources */,
				F9037836145337E6008FB9E0 /* PlacesAPI.m in Sources */,
				F91D7355145849DD00B488B3 /* Place.m in Sources */,
				F91D736F14584D5000B488B3 /* CDataScanner.m in Sources */,
				F91D737014584D5000B488B3 /* CFilteringJSONSerializer.m in Sources */,
				F91D737114584D5000B488B3 /* CJSONDeserializer_BlocksExtensions.m in Sources */,
				F91D737214584D5000B488B3 /* CJSONSerialization.m in Sources */,
				F91D737314584D5000B488B3 /* CJSONSerializedData.m in Sources */,
				F91D737414584D5000B488B3 /* CDataScanner_Extensions.m in Sources */,
				F91D737514584D5000B488B3 /* NSDictionary_JSONExtensions.m in Sources */,
				F91D737614584D5000B488B3 /* CJSONDeserializer.m in Sources */,
				F91D737714584D5000B488B3 /* CJSONScanner.m in Sources */,
				F91D737814584D5000B488B3 /* CJSONSerializer.m in Sources */,
			);
			runOnlyForDeploymentPostprocessing = 0;
		};
/* End PBXSourcesBuildPhase section */

/* Begin PBXVariantGroup section */
		F999CD691452BB3E002C86E7 /* InfoPlist.strings */ = {
			isa = PBXVariantGroup;
			children = (
				F999CD6A1452BB3E002C86E7 /* en */,
			);
			name = InfoPlist.strings;
			sourceTree = "<group>";
		};
		F999CD751452BB3E002C86E7 /* ViewController.xib */ = {
			isa = PBXVariantGroup;
			children = (
				F999CD761452BB3E002C86E7 /* en */,
			);
			name = ViewController.xib;
			sourceTree = "<group>";
		};
/* End PBXVariantGroup section */

/* Begin XCBuildConfiguration section */
		F999CD781452BB3E002C86E7 /* Debug */ = {
			isa = XCBuildConfiguration;
			buildSettings = {
				ALWAYS_SEARCH_USER_PATHS = NO;
				ARCHS = "$(ARCHS_STANDARD_32_BIT)";
				"CODE_SIGN_IDENTITY[sdk=iphoneos*]" = "iPhone Developer";
				COPY_PHASE_STRIP = NO;
				GCC_C_LANGUAGE_STANDARD = gnu99;
				GCC_DYNAMIC_NO_PIC = NO;
				GCC_OPTIMIZATION_LEVEL = 0;
				GCC_PREPROCESSOR_DEFINITIONS = (
					"DEBUG=1",
					"$(inherited)",
				);
				GCC_SYMBOLS_PRIVATE_EXTERN = NO;
				GCC_VERSION = com.apple.compilers.llvm.clang.1_0;
				GCC_WARN_ABOUT_MISSING_PROTOTYPES = YES;
				GCC_WARN_ABOUT_RETURN_TYPE = YES;
				GCC_WARN_UNUSED_VARIABLE = YES;
				IPHONEOS_DEPLOYMENT_TARGET = 5.0;
				SDKROOT = iphoneos;
			};
			name = Debug;
		};
		F999CD791452BB3E002C86E7 /* Release */ = {
			isa = XCBuildConfiguration;
			buildSettings = {
				ALWAYS_SEARCH_USER_PATHS = NO;
				ARCHS = "$(ARCHS_STANDARD_32_BIT)";
				"CODE_SIGN_IDENTITY[sdk=iphoneos*]" = "iPhone Developer";
				COPY_PHASE_STRIP = YES;
				GCC_C_LANGUAGE_STANDARD = gnu99;
				GCC_VERSION = com.apple.compilers.llvm.clang.1_0;
				GCC_WARN_ABOUT_MISSING_PROTOTYPES = YES;
				GCC_WARN_ABOUT_RETURN_TYPE = YES;
				GCC_WARN_UNUSED_VARIABLE = YES;
				IPHONEOS_DEPLOYMENT_TARGET = 5.0;
				OTHER_CFLAGS = "-DNS_BLOCK_ASSERTIONS=1";
				SDKROOT = iphoneos;
				VALIDATE_PRODUCT = YES;
			};
			name = Release;
		};
		F999CD7B1452BB3E002C86E7 /* Debug */ = {
			isa = XCBuildConfiguration;
			buildSettings = {
				GCC_PRECOMPILE_PREFIX_HEADER = YES;
				GCC_PREFIX_HEADER = "GoogleMapDemo/GoogleMapDemo-Prefix.pch";
				INFOPLIST_FILE = "GoogleMapDemo/GoogleMapDemo-Info.plist";
				PRODUCT_NAME = "$(TARGET_NAME)";
				WRAPPER_EXTENSION = app;
			};
			name = Debug;
		};
		F999CD7C1452BB3E002C86E7 /* Release */ = {
			isa = XCBuildConfiguration;
			buildSettings = {
				GCC_PRECOMPILE_PREFIX_HEADER = YES;
				GCC_PREFIX_HEADER = "GoogleMapDemo/GoogleMapDemo-Prefix.pch";
				INFOPLIST_FILE = "GoogleMapDemo/GoogleMapDemo-Info.plist";
				PRODUCT_NAME = "$(TARGET_NAME)";
				WRAPPER_EXTENSION = app;
			};
			name = Release;
		};
/* End XCBuildConfiguration section */

/* Begin XCConfigurationList section */
		F999CD561452BB3E002C86E7 /* Build configuration list for PBXProject "GoogleMapDemo" */ = {
			isa = XCConfigurationList;
			buildConfigurations = (
				F999CD781452BB3E002C86E7 /* Debug */,
				F999CD791452BB3E002C86E7 /* Release */,
			);
			defaultConfigurationIsVisible = 0;
			defaultConfigurationName = Release;
		};
		F999CD7A1452BB3E002C86E7 /* Build configuration list for PBXNativeTarget "GoogleMapDemo" */ = {
			isa = XCConfigurationList;
			buildConfigurations = (
				F999CD7B1452BB3E002C86E7 /* Debug */,
				F999CD7C1452BB3E002C86E7 /* Release */,
			);
			defaultConfigurationIsVisible = 0;
			defaultConfigurationName = Release;
		};
/* End XCConfigurationList section */
	};
	rootObject = F999CD531452BB3E002C86E7 /* Project object */;
}
